
Microsoft Visual Studio Solution File, Format Version 12.00
# Visual Studio Version 17
VisualStudioVersion = 17.5.002.0
MinimumVisualStudioVersion = 10.0.40219.1
Project("{9A19103F-16F7-4668-BE54-9A1E7A4F7556}") = "ex005", "ex005.csproj", "{8D85811E-D3EE-4899-B573-A3B481AB2C71}"
EndProject
Global
	GlobalSection(SolutionConfigurationPlatforms) = preSolution
		Debug|Any CPU = Debug|Any CPU
		Release|Any CPU = Release|Any CPU
	EndGlobalSection
	GlobalSection(ProjectConfigurationPlatforms) = postSolution
		{8D85811E-D3EE-4899-B573-A3B481AB2C71}.Debug|Any CPU.ActiveCfg = Debug|Any CPU
		{8D85811E-D3EE-4899-B573-A3B481AB2C71}.Debug|Any CPU.Build.0 = Debug|Any CPU
		{8D85811E-D3EE-4899-B573-A3B481AB2C71}.Release|Any CPU.ActiveCfg = Release|Any CPU
		{8D85811E-D3EE-4899-B573-A3B481AB2C71}.Release|Any CPU.Build.0 = Release|Any CPU
	EndGlobalSection
	GlobalSection(SolutionProperties) = preSolution
		HideSolutionNode = FALSE
	EndGlobalSection
	GlobalSection(ExtensibilityGlobals) = postSolution
		SolutionGuid = {78F7DF3E-8791-4EF7-82F3-2F9B51C255A2}
	EndGlobalSection
EndGlobal
