
Microsoft Visual Studio Solution File, Format Version 12.00
# Visual Studio Version 17
VisualStudioVersion = 17.5.002.0
MinimumVisualStudioVersion = 10.0.40219.1
Project("{9A19103F-16F7-4668-BE54-9A1E7A4F7556}") = "ex001", "ex001\ex001.csproj", "{503817B8-EEBF-4D88-901E-82600B161143}"
EndProject
Project("{9A19103F-16F7-4668-BE54-9A1E7A4F7556}") = "ex002", "ex002\ex002.csproj", "{005A7A73-73A4-4820-BBBC-6AE929A609A8}"
EndProject
Project("{9A19103F-16F7-4668-BE54-9A1E7A4F7556}") = "ex003", "ex003\ex003.csproj", "{EB158F87-4BFF-44E6-8E3F-A0CA24A7F3DF}"
EndProject
Project("{9A19103F-16F7-4668-BE54-9A1E7A4F7556}") = "ex004", "ex004\ex004.csproj", "{B9927A30-EBE1-428D-9826-7055C5FA6A9C}"
EndProject
Project("{9A19103F-16F7-4668-BE54-9A1E7A4F7556}") = "ex005", "ex005\ex005.csproj", "{B6C220E8-3EBD-4CB0-AE3D-A25EF9A27390}"
EndProject
Global
	GlobalSection(SolutionConfigurationPlatforms) = preSolution
		Debug|Any CPU = Debug|Any CPU
		Release|Any CPU = Release|Any CPU
	EndGlobalSection
	GlobalSection(ProjectConfigurationPlatforms) = postSolution
		{503817B8-EEBF-4D88-901E-82600B161143}.Debug|Any CPU.ActiveCfg = Debug|Any CPU
		{503817B8-EEBF-4D88-901E-82600B161143}.Debug|Any CPU.Build.0 = Debug|Any CPU
		{503817B8-EEBF-4D88-901E-82600B161143}.Release|Any CPU.ActiveCfg = Release|Any CPU
		{503817B8-EEBF-4D88-901E-82600B161143}.Release|Any CPU.Build.0 = Release|Any CPU
		{005A7A73-73A4-4820-BBBC-6AE929A609A8}.Debug|Any CPU.ActiveCfg = Debug|Any CPU
		{005A7A73-73A4-4820-BBBC-6AE929A609A8}.Debug|Any CPU.Build.0 = Debug|Any CPU
		{005A7A73-73A4-4820-BBBC-6AE929A609A8}.Release|Any CPU.ActiveCfg = Release|Any CPU
		{005A7A73-73A4-4820-BBBC-6AE929A609A8}.Release|Any CPU.Build.0 = Release|Any CPU
		{EB158F87-4BFF-44E6-8E3F-A0CA24A7F3DF}.Debug|Any CPU.ActiveCfg = Debug|Any CPU
		{EB158F87-4BFF-44E6-8E3F-A0CA24A7F3DF}.Debug|Any CPU.Build.0 = Debug|Any CPU
		{EB158F87-4BFF-44E6-8E3F-A0CA24A7F3DF}.Release|Any CPU.ActiveCfg = Release|Any CPU
		{EB158F87-4BFF-44E6-8E3F-A0CA24A7F3DF}.Release|Any CPU.Build.0 = Release|Any CPU
		{B9927A30-EBE1-428D-9826-7055C5FA6A9C}.Debug|Any CPU.ActiveCfg = Debug|Any CPU
		{B9927A30-EBE1-428D-9826-7055C5FA6A9C}.Debug|Any CPU.Build.0 = Debug|Any CPU
		{B9927A30-EBE1-428D-9826-7055C5FA6A9C}.Release|Any CPU.ActiveCfg = Release|Any CPU
		{B9927A30-EBE1-428D-9826-7055C5FA6A9C}.Release|Any CPU.Build.0 = Release|Any CPU
		{B6C220E8-3EBD-4CB0-AE3D-A25EF9A27390}.Debug|Any CPU.ActiveCfg = Debug|Any CPU
		{B6C220E8-3EBD-4CB0-AE3D-A25EF9A27390}.Debug|Any CPU.Build.0 = Debug|Any CPU
		{B6C220E8-3EBD-4CB0-AE3D-A25EF9A27390}.Release|Any CPU.ActiveCfg = Release|Any CPU
		{B6C220E8-3EBD-4CB0-AE3D-A25EF9A27390}.Release|Any CPU.Build.0 = Release|Any CPU
	EndGlobalSection
	GlobalSection(SolutionProperties) = preSolution
		HideSolutionNode = FALSE
	EndGlobalSection
	GlobalSection(ExtensibilityGlobals) = postSolution
		SolutionGuid = {E441FD73-8801-423B-B529-0028FCD62DB0}
	EndGlobalSection
EndGlobal
